
Microsoft Visual Studio Solution File, Format Version 12.00
# Visual Studio Version 17
VisualStudioVersion = 17.5.33516.290
MinimumVisualStudioVersion = 10.0.40219.1
Project("{9A19103F-16F7-4668-BE54-9A1E7A4F7556}") = "ShoppingCart", "ShoppingCart.csproj", "{317D2463-34E2-4F9B-8AEF-60DE9CAD495D}"
EndProject
Project("{2150E333-8FDC-42A3-9474-1A3956D46DE8}") = "Solution Items", "Solution Items", "{2C1BBDF3-1829-4B9A-9B35-9C2AFA7D8FFF}"
	ProjectSection(SolutionItems) = preProject
		.dockerignore = .dockerignore
		Dockerfile = Dockerfile
		shopping-cart.yaml = shopping-cart.yaml
	EndProjectSection
EndProject
Project("{2150E333-8FDC-42A3-9474-1A3956D46DE8}") = "Loyalty Program", "Loyalty Program", "{BB820A4A-E8A0-4FB6-8158-62579AAEB08C}"
EndProject
Project("{9A19103F-16F7-4668-BE54-9A1E7A4F7556}") = "LoyaltyProgram", "..\LoyaltyProgram\LoyaltyProgram.csproj", "{C1712A88-29B4-40E1-8C5E-69572A757777}"
EndProject
Project("{2150E333-8FDC-42A3-9474-1A3956D46DE8}") = "Ch. 5", "Ch. 5", "{730A2CA3-2816-40C0-B8FD-FDE27161DF25}"
EndProject
Project("{2150E333-8FDC-42A3-9474-1A3956D46DE8}") = "Api Gateway Mock", "Api Gateway Mock", "{AB60CF15-AE28-4D60-A968-AC97C141531E}"
EndProject
Project("{9A19103F-16F7-4668-BE54-9A1E7A4F7556}") = "ApiGatewayMock", "..\ApiGatewayMock\ApiGatewayMock.csproj", "{51A91387-80BF-471A-B821-0EA5335C4EB3}"
EndProject
Project("{2150E333-8FDC-42A3-9474-1A3956D46DE8}") = "SpecialOffers", "SpecialOffers", "{36116919-39AE-43ED-B5E7-91E250BC6657}"
EndProject
Project("{9A19103F-16F7-4668-BE54-9A1E7A4F7556}") = "SpecialOffers", "..\SpecialOffers\SpecialOffers.csproj", "{F3D6ABFB-738A-4D17-8C8C-2FE12AE2CE6A}"
EndProject
Project("{9A19103F-16F7-4668-BE54-9A1E7A4F7556}") = "EventConsumer", "..\EventConsumer\EventConsumer.csproj", "{107DFBAC-3F5F-4E9D-A3EF-0C75738D59EF}"
EndProject
Project("{FAE04EC0-301F-11D3-BF4B-00C04F79EFBC}") = "ApiGateway", "..\ApiGateway\ApiGateway.csproj", "{335E19FA-867A-4EA5-9031-715249E53C43}"
EndProject
Project("{FAE04EC0-301F-11D3-BF4B-00C04F79EFBC}") = "ProductCatalog", "..\ProductCatalog\ProductCatalog.csproj", "{B12A4674-E4B1-4CB6-BABB-2AA08A381A85}"
EndProject
Global
	GlobalSection(SolutionConfigurationPlatforms) = preSolution
		Debug|Any CPU = Debug|Any CPU
		Release|Any CPU = Release|Any CPU
	EndGlobalSection
	GlobalSection(ProjectConfigurationPlatforms) = postSolution
		{317D2463-34E2-4F9B-8AEF-60DE9CAD495D}.Debug|Any CPU.ActiveCfg = Debug|Any CPU
		{317D2463-34E2-4F9B-8AEF-60DE9CAD495D}.Debug|Any CPU.Build.0 = Debug|Any CPU
		{317D2463-34E2-4F9B-8AEF-60DE9CAD495D}.Release|Any CPU.ActiveCfg = Release|Any CPU
		{317D2463-34E2-4F9B-8AEF-60DE9CAD495D}.Release|Any CPU.Build.0 = Release|Any CPU
		{C1712A88-29B4-40E1-8C5E-69572A757777}.Debug|Any CPU.ActiveCfg = Debug|Any CPU
		{C1712A88-29B4-40E1-8C5E-69572A757777}.Debug|Any CPU.Build.0 = Debug|Any CPU
		{C1712A88-29B4-40E1-8C5E-69572A757777}.Release|Any CPU.ActiveCfg = Release|Any CPU
		{C1712A88-29B4-40E1-8C5E-69572A757777}.Release|Any CPU.Build.0 = Release|Any CPU
		{51A91387-80BF-471A-B821-0EA5335C4EB3}.Debug|Any CPU.ActiveCfg = Debug|Any CPU
		{51A91387-80BF-471A-B821-0EA5335C4EB3}.Debug|Any CPU.Build.0 = Debug|Any CPU
		{51A91387-80BF-471A-B821-0EA5335C4EB3}.Release|Any CPU.ActiveCfg = Release|Any CPU
		{51A91387-80BF-471A-B821-0EA5335C4EB3}.Release|Any CPU.Build.0 = Release|Any CPU
		{F3D6ABFB-738A-4D17-8C8C-2FE12AE2CE6A}.Debug|Any CPU.ActiveCfg = Debug|Any CPU
		{F3D6ABFB-738A-4D17-8C8C-2FE12AE2CE6A}.Debug|Any CPU.Build.0 = Debug|Any CPU
		{F3D6ABFB-738A-4D17-8C8C-2FE12AE2CE6A}.Release|Any CPU.ActiveCfg = Release|Any CPU
		{F3D6ABFB-738A-4D17-8C8C-2FE12AE2CE6A}.Release|Any CPU.Build.0 = Release|Any CPU
		{107DFBAC-3F5F-4E9D-A3EF-0C75738D59EF}.Debug|Any CPU.ActiveCfg = Debug|Any CPU
		{107DFBAC-3F5F-4E9D-A3EF-0C75738D59EF}.Debug|Any CPU.Build.0 = Debug|Any CPU
		{107DFBAC-3F5F-4E9D-A3EF-0C75738D59EF}.Release|Any CPU.ActiveCfg = Release|Any CPU
		{107DFBAC-3F5F-4E9D-A3EF-0C75738D59EF}.Release|Any CPU.Build.0 = Release|Any CPU
		{335E19FA-867A-4EA5-9031-715249E53C43}.Debug|Any CPU.ActiveCfg = Debug|Any CPU
		{335E19FA-867A-4EA5-9031-715249E53C43}.Debug|Any CPU.Build.0 = Debug|Any CPU
		{335E19FA-867A-4EA5-9031-715249E53C43}.Release|Any CPU.ActiveCfg = Release|Any CPU
		{335E19FA-867A-4EA5-9031-715249E53C43}.Release|Any CPU.Build.0 = Release|Any CPU
		{B12A4674-E4B1-4CB6-BABB-2AA08A381A85}.Debug|Any CPU.ActiveCfg = Debug|Any CPU
		{B12A4674-E4B1-4CB6-BABB-2AA08A381A85}.Debug|Any CPU.Build.0 = Debug|Any CPU
		{B12A4674-E4B1-4CB6-BABB-2AA08A381A85}.Release|Any CPU.ActiveCfg = Release|Any CPU
		{B12A4674-E4B1-4CB6-BABB-2AA08A381A85}.Release|Any CPU.Build.0 = Release|Any CPU
	EndGlobalSection
	GlobalSection(SolutionProperties) = preSolution
		HideSolutionNode = FALSE
	EndGlobalSection
	GlobalSection(NestedProjects) = preSolution
		{BB820A4A-E8A0-4FB6-8158-62579AAEB08C} = {730A2CA3-2816-40C0-B8FD-FDE27161DF25}
		{C1712A88-29B4-40E1-8C5E-69572A757777} = {BB820A4A-E8A0-4FB6-8158-62579AAEB08C}
		{AB60CF15-AE28-4D60-A968-AC97C141531E} = {730A2CA3-2816-40C0-B8FD-FDE27161DF25}
		{51A91387-80BF-471A-B821-0EA5335C4EB3} = {AB60CF15-AE28-4D60-A968-AC97C141531E}
		{36116919-39AE-43ED-B5E7-91E250BC6657} = {730A2CA3-2816-40C0-B8FD-FDE27161DF25}
		{F3D6ABFB-738A-4D17-8C8C-2FE12AE2CE6A} = {36116919-39AE-43ED-B5E7-91E250BC6657}
		{107DFBAC-3F5F-4E9D-A3EF-0C75738D59EF} = {BB820A4A-E8A0-4FB6-8158-62579AAEB08C}
	EndGlobalSection
	GlobalSection(ExtensibilityGlobals) = postSolution
		SolutionGuid = {DEF37336-E4FD-4A02-B6E8-72117589D96E}
	EndGlobalSection
EndGlobal
